
Microsoft Visual Studio Solution File, Format Version 12.00
# Visual Studio 2012
Project("{E24C65DC-7377-472B-9ABA-BC803B73C61A}") = "WebSite", "http://localhost:22320", "{B97836F0-63EB-4ED6-8112-A63F3E6EC269}"
	ProjectSection(WebsiteProperties) = preProject
		UseIISExpress = "true"
		TargetFrameworkMoniker = ".NETFramework,Version%3Dv4.5"
		ProjectReferences = ""
		Debug.AspNetCompiler.VirtualPath = "/localhost_22320"
		Debug.AspNetCompiler.PhysicalPath = "..\..\WebSites\WebSite\"
		Debug.AspNetCompiler.TargetPath = "PrecompiledWeb\localhost_22320\"
		Debug.AspNetCompiler.Updateable = "true"
		Debug.AspNetCompiler.ForceOverwrite = "true"
		Debug.AspNetCompiler.FixedNames = "false"
		Debug.AspNetCompiler.Debug = "True"
		Release.AspNetCompiler.VirtualPath = "/localhost_22320"
		Release.AspNetCompiler.PhysicalPath = "..\..\WebSites\WebSite\"
		Release.AspNetCompiler.TargetPath = "PrecompiledWeb\localhost_22320\"
		Release.AspNetCompiler.Updateable = "true"
		Release.AspNetCompiler.ForceOverwrite = "true"
		Release.AspNetCompiler.FixedNames = "false"
		Release.AspNetCompiler.Debug = "False"
		SlnRelativePath = "..\..\WebSites\WebSite\"
		DefaultWebSiteLanguage = "Visual C#"
	EndProjectSection
EndProject
Project("{F2A71F9B-5D33-465A-A702-920D77279786}") = "Library1", "Library1\Library1.fsproj", "{91E70B9A-76E1-46D3-BFC6-D757037B14F8}"
EndProject
Global
	GlobalSection(SolutionConfigurationPlatforms) = preSolution
		Debug|Any CPU = Debug|Any CPU
		Release|Any CPU = Release|Any CPU
	EndGlobalSection
	GlobalSection(ProjectConfigurationPlatforms) = postSolution
		{B97836F0-63EB-4ED6-8112-A63F3E6EC269}.Debug|Any CPU.ActiveCfg = Debug|Any CPU
		{B97836F0-63EB-4ED6-8112-A63F3E6EC269}.Debug|Any CPU.Build.0 = Debug|Any CPU
		{B97836F0-63EB-4ED6-8112-A63F3E6EC269}.Release|Any CPU.ActiveCfg = Debug|Any CPU
		{B97836F0-63EB-4ED6-8112-A63F3E6EC269}.Release|Any CPU.Build.0 = Debug|Any CPU
		{91E70B9A-76E1-46D3-BFC6-D757037B14F8}.Debug|Any CPU.ActiveCfg = Debug|Any CPU
		{91E70B9A-76E1-46D3-BFC6-D757037B14F8}.Debug|Any CPU.Build.0 = Debug|Any CPU
		{91E70B9A-76E1-46D3-BFC6-D757037B14F8}.Release|Any CPU.ActiveCfg = Release|Any CPU
		{91E70B9A-76E1-46D3-BFC6-D757037B14F8}.Release|Any CPU.Build.0 = Release|Any CPU
	EndGlobalSection
	GlobalSection(SolutionProperties) = preSolution
		HideSolutionNode = FALSE
	EndGlobalSection
EndGlobal
